
Microsoft Visual Studio Solution File, Format Version 12.00
# Visual Studio Version 16
VisualStudioVersion = 16.0.31624.102
MinimumVisualStudioVersion = 10.0.40219.1
Project("{FAE04EC0-301F-11D3-BF4B-00C04F79EFBC}") = "Day23AddressBook", "Day23AddressBook.csproj", "{7020818A-DCE1-4D95-9AFE-851D3F53C6B9}"
EndProject
Global
	GlobalSection(SolutionConfigurationPlatforms) = preSolution
		Debug|Any CPU = Debug|Any CPU
		Release|Any CPU = Release|Any CPU
	EndGlobalSection
	GlobalSection(ProjectConfigurationPlatforms) = postSolution
		{7020818A-DCE1-4D95-9AFE-851D3F53C6B9}.Debug|Any CPU.ActiveCfg = Debug|Any CPU
		{7020818A-DCE1-4D95-9AFE-851D3F53C6B9}.Debug|Any CPU.Build.0 = Debug|Any CPU
		{7020818A-DCE1-4D95-9AFE-851D3F53C6B9}.Release|Any CPU.ActiveCfg = Release|Any CPU
		{7020818A-DCE1-4D95-9AFE-851D3F53C6B9}.Release|Any CPU.Build.0 = Release|Any CPU
	EndGlobalSection
	GlobalSection(SolutionProperties) = preSolution
		HideSolutionNode = FALSE
	EndGlobalSection
	GlobalSection(ExtensibilityGlobals) = postSolution
		SolutionGuid = {11EC9EC4-E60E-4180-BE29-84B9DC5A8592}
	EndGlobalSection
EndGlobal
